
Microsoft Visual Studio Solution File, Format Version 12.00
# Visual Studio 2012
Project("{2150E333-8FDC-42A3-9474-1A3956D46DE8}") = "15", "15", "{DFB8D813-C8DB-4C3C-B74D-FBC5677248B3}"
EndProject
Project("{2150E333-8FDC-42A3-9474-1A3956D46DE8}") = "15.1", "15.1", "{C75558B7-15B6-4125-A30A-5C257F2D5338}"
EndProject
Project("{2150E333-8FDC-42A3-9474-1A3956D46DE8}") = "16", "16", "{195F97B2-A0B3-400F-A393-C66A26876C79}"
EndProject
Project("{2150E333-8FDC-42A3-9474-1A3956D46DE8}") = "15.2", "15.2", "{D3753B81-5BCF-425C-AC9B-940F418FFFA5}"
EndProject
Project("{2150E333-8FDC-42A3-9474-1A3956D46DE8}") = "15.3", "15.3", "{BD64C680-8EF7-4734-911E-7BF098E1D891}"
EndProject
Project("{FAE04EC0-301F-11D3-BF4B-00C04F79EFBC}") = "15.8", "15.8\15.8.csproj", "{9169FFE8-7813-4420-AEC4-C985BABED24B}"
EndProject
Project("{FAE04EC0-301F-11D3-BF4B-00C04F79EFBC}") = "DLL-1", "DLL-1\DLL-1.csproj", "{E22FB154-2AAD-477A-8074-CB86DD79C04A}"
EndProject
Global
	GlobalSection(SolutionConfigurationPlatforms) = preSolution
		Debug|Any CPU = Debug|Any CPU
		Release|Any CPU = Release|Any CPU
	EndGlobalSection
	GlobalSection(ProjectConfigurationPlatforms) = postSolution
		{9169FFE8-7813-4420-AEC4-C985BABED24B}.Debug|Any CPU.ActiveCfg = Debug|Any CPU
		{9169FFE8-7813-4420-AEC4-C985BABED24B}.Debug|Any CPU.Build.0 = Debug|Any CPU
		{9169FFE8-7813-4420-AEC4-C985BABED24B}.Release|Any CPU.ActiveCfg = Release|Any CPU
		{9169FFE8-7813-4420-AEC4-C985BABED24B}.Release|Any CPU.Build.0 = Release|Any CPU
		{E22FB154-2AAD-477A-8074-CB86DD79C04A}.Debug|Any CPU.ActiveCfg = Debug|Any CPU
		{E22FB154-2AAD-477A-8074-CB86DD79C04A}.Debug|Any CPU.Build.0 = Debug|Any CPU
		{E22FB154-2AAD-477A-8074-CB86DD79C04A}.Release|Any CPU.ActiveCfg = Release|Any CPU
		{E22FB154-2AAD-477A-8074-CB86DD79C04A}.Release|Any CPU.Build.0 = Release|Any CPU
	EndGlobalSection
	GlobalSection(SolutionProperties) = preSolution
		HideSolutionNode = FALSE
	EndGlobalSection
	GlobalSection(NestedProjects) = preSolution
		{C75558B7-15B6-4125-A30A-5C257F2D5338} = {DFB8D813-C8DB-4C3C-B74D-FBC5677248B3}
		{D3753B81-5BCF-425C-AC9B-940F418FFFA5} = {DFB8D813-C8DB-4C3C-B74D-FBC5677248B3}
		{BD64C680-8EF7-4734-911E-7BF098E1D891} = {DFB8D813-C8DB-4C3C-B74D-FBC5677248B3}
		{9169FFE8-7813-4420-AEC4-C985BABED24B} = {C75558B7-15B6-4125-A30A-5C257F2D5338}
		{E22FB154-2AAD-477A-8074-CB86DD79C04A} = {C75558B7-15B6-4125-A30A-5C257F2D5338}
	EndGlobalSection
EndGlobal
