
Microsoft Visual Studio Solution File, Format Version 11.00
# Visual C# Express 2010
Project("{FAE04EC0-301F-11D3-BF4B-00C04F79EFBC}") = "ProcFunc7", "ProcFunc7\ProcFunc7.csproj", "{3D5C5C99-5E09-4C6C-A81A-1B0B0F579A44}"
EndProject
Global
	GlobalSection(SolutionConfigurationPlatforms) = preSolution
		Debug|x86 = Debug|x86
		Release|x86 = Release|x86
	EndGlobalSection
	GlobalSection(ProjectConfigurationPlatforms) = postSolution
		{3D5C5C99-5E09-4C6C-A81A-1B0B0F579A44}.Debug|x86.ActiveCfg = Debug|x86
		{3D5C5C99-5E09-4C6C-A81A-1B0B0F579A44}.Debug|x86.Build.0 = Debug|x86
		{3D5C5C99-5E09-4C6C-A81A-1B0B0F579A44}.Release|x86.ActiveCfg = Release|x86
		{3D5C5C99-5E09-4C6C-A81A-1B0B0F579A44}.Release|x86.Build.0 = Release|x86
	EndGlobalSection
	GlobalSection(SolutionProperties) = preSolution
		HideSolutionNode = FALSE
	EndGlobalSection
EndGlobal
