
Microsoft Visual Studio Solution File, Format Version 12.00
# Visual Studio 15
VisualStudioVersion = 15.0.26430.6
MinimumVisualStudioVersion = 10.0.40219.1
Project("{FAE04EC0-301F-11D3-BF4B-00C04F79EFBC}") = "TextBoxTestingProgram", "TextBoxTestingProgram\TextBoxTestingProgram.csproj", "{DB3E5456-F731-42E9-8BBC-E4942C3D61E2}"
EndProject
Project("{FAE04EC0-301F-11D3-BF4B-00C04F79EFBC}") = "RegexBox", "RegexBox\RegexBox.csproj", "{A1E158B5-8124-41C0-AACA-34ADEED54048}"
EndProject
Global
	GlobalSection(SolutionConfigurationPlatforms) = preSolution
		Debug|Any CPU = Debug|Any CPU
		Release|Any CPU = Release|Any CPU
	EndGlobalSection
	GlobalSection(ProjectConfigurationPlatforms) = postSolution
		{DB3E5456-F731-42E9-8BBC-E4942C3D61E2}.Debug|Any CPU.ActiveCfg = Debug|Any CPU
		{DB3E5456-F731-42E9-8BBC-E4942C3D61E2}.Debug|Any CPU.Build.0 = Debug|Any CPU
		{DB3E5456-F731-42E9-8BBC-E4942C3D61E2}.Release|Any CPU.ActiveCfg = Release|Any CPU
		{DB3E5456-F731-42E9-8BBC-E4942C3D61E2}.Release|Any CPU.Build.0 = Release|Any CPU
		{A1E158B5-8124-41C0-AACA-34ADEED54048}.Debug|Any CPU.ActiveCfg = Debug|Any CPU
		{A1E158B5-8124-41C0-AACA-34ADEED54048}.Debug|Any CPU.Build.0 = Debug|Any CPU
		{A1E158B5-8124-41C0-AACA-34ADEED54048}.Release|Any CPU.ActiveCfg = Release|Any CPU
		{A1E158B5-8124-41C0-AACA-34ADEED54048}.Release|Any CPU.Build.0 = Release|Any CPU
	EndGlobalSection
	GlobalSection(SolutionProperties) = preSolution
		HideSolutionNode = FALSE
	EndGlobalSection
EndGlobal
