Microsoft Visual Studio Solution File, Format Version 11.00
# Visual Studio 2010
Project("{FAE04EC0-301F-11D3-BF4B-00C04F79EFBC}") = "Interface", "Interface\Interface.csproj", "{33DD6EFA-2B19-4719-AC7F-F3AC081E0869}"
EndProject
Project("{FAE04EC0-301F-11D3-BF4B-00C04F79EFBC}") = "Engine", "Engine\Engine.csproj", "{777DF75F-D656-4AD2-BE09-EF6D10B3A7E0}"
	ProjectSection(ProjectDependencies) = postProject
		{33DD6EFA-2B19-4719-AC7F-F3AC081E0869} = {33DD6EFA-2B19-4719-AC7F-F3AC081E0869}
		{8039D783-AB59-4B64-AF80-196257BCFBEA} = {8039D783-AB59-4B64-AF80-196257BCFBEA}
	EndProjectSection
EndProject
Project("{FAE04EC0-301F-11D3-BF4B-00C04F79EFBC}") = "Controls", "Controls\Controls.csproj", "{8039D783-AB59-4B64-AF80-196257BCFBEA}"
EndProject
Project("{FAE04EC0-301F-11D3-BF4B-00C04F79EFBC}") = "Plugins", "Plugins\Plugins.csproj", "{2005A222-0663-4646-86D8-9B8FDDED9023}"
	ProjectSection(ProjectDependencies) = postProject
		{33DD6EFA-2B19-4719-AC7F-F3AC081E0869} = {33DD6EFA-2B19-4719-AC7F-F3AC081E0869}
	EndProjectSection
EndProject
Project("{FAE04EC0-301F-11D3-BF4B-00C04F79EFBC}") = "Task3", "Task3\Task3.csproj", "{EA54C298-10A2-4CCC-9A5A-481403FFED9F}"
	ProjectSection(ProjectDependencies) = postProject
		{33DD6EFA-2B19-4719-AC7F-F3AC081E0869} = {33DD6EFA-2B19-4719-AC7F-F3AC081E0869}
	EndProjectSection
EndProject
Global
	GlobalSection(SolutionConfigurationPlatforms) = preSolution
		Debug|Any CPU = Debug|Any CPU
		Release|Any CPU = Release|Any CPU
	EndGlobalSection
	GlobalSection(ProjectConfigurationPlatforms) = postSolution
		{33DD6EFA-2B19-4719-AC7F-F3AC081E0869}.Debug|Any CPU.ActiveCfg = Debug|Any CPU
		{33DD6EFA-2B19-4719-AC7F-F3AC081E0869}.Debug|Any CPU.Build.0 = Debug|Any CPU
		{33DD6EFA-2B19-4719-AC7F-F3AC081E0869}.Release|Any CPU.ActiveCfg = Release|Any CPU
		{33DD6EFA-2B19-4719-AC7F-F3AC081E0869}.Release|Any CPU.Build.0 = Release|Any CPU
		{777DF75F-D656-4AD2-BE09-EF6D10B3A7E0}.Debug|Any CPU.ActiveCfg = Debug|Any CPU
		{777DF75F-D656-4AD2-BE09-EF6D10B3A7E0}.Debug|Any CPU.Build.0 = Debug|Any CPU
		{777DF75F-D656-4AD2-BE09-EF6D10B3A7E0}.Release|Any CPU.ActiveCfg = Release|Any CPU
		{777DF75F-D656-4AD2-BE09-EF6D10B3A7E0}.Release|Any CPU.Build.0 = Release|Any CPU
		{8039D783-AB59-4B64-AF80-196257BCFBEA}.Debug|Any CPU.ActiveCfg = Debug|Any CPU
		{8039D783-AB59-4B64-AF80-196257BCFBEA}.Debug|Any CPU.Build.0 = Debug|Any CPU
		{8039D783-AB59-4B64-AF80-196257BCFBEA}.Release|Any CPU.ActiveCfg = Release|Any CPU
		{8039D783-AB59-4B64-AF80-196257BCFBEA}.Release|Any CPU.Build.0 = Release|Any CPU
		{2005A222-0663-4646-86D8-9B8FDDED9023}.Debug|Any CPU.ActiveCfg = Debug|Any CPU
		{2005A222-0663-4646-86D8-9B8FDDED9023}.Debug|Any CPU.Build.0 = Debug|Any CPU
		{2005A222-0663-4646-86D8-9B8FDDED9023}.Release|Any CPU.ActiveCfg = Release|Any CPU
		{2005A222-0663-4646-86D8-9B8FDDED9023}.Release|Any CPU.Build.0 = Release|Any CPU
		{EA54C298-10A2-4CCC-9A5A-481403FFED9F}.Debug|Any CPU.ActiveCfg = Debug|Any CPU
		{EA54C298-10A2-4CCC-9A5A-481403FFED9F}.Debug|Any CPU.Build.0 = Debug|Any CPU
		{EA54C298-10A2-4CCC-9A5A-481403FFED9F}.Release|Any CPU.ActiveCfg = Release|Any CPU
		{EA54C298-10A2-4CCC-9A5A-481403FFED9F}.Release|Any CPU.Build.0 = Release|Any CPU
	EndGlobalSection
	GlobalSection(SolutionProperties) = preSolution
		HideSolutionNode = FALSE
	EndGlobalSection
EndGlobal
