
Microsoft Visual Studio Solution File, Format Version 9.00
# Visual Studio 2005
Project("{FAE04EC0-301F-11D3-BF4B-00C04F79EFBC}") = "Lines2008", "Lines2008\Lines2008.csproj", "{443767E2-168C-4637-97CF-BCB6F23A03C7}"
EndProject
Global
	GlobalSection(SolutionConfigurationPlatforms) = preSolution
		Debug|Any CPU = Debug|Any CPU
		Release|Any CPU = Release|Any CPU
	EndGlobalSection
	GlobalSection(ProjectConfigurationPlatforms) = postSolution
		{443767E2-168C-4637-97CF-BCB6F23A03C7}.Debug|Any CPU.ActiveCfg = Debug|Any CPU
		{443767E2-168C-4637-97CF-BCB6F23A03C7}.Debug|Any CPU.Build.0 = Debug|Any CPU
		{443767E2-168C-4637-97CF-BCB6F23A03C7}.Release|Any CPU.ActiveCfg = Release|Any CPU
		{443767E2-168C-4637-97CF-BCB6F23A03C7}.Release|Any CPU.Build.0 = Release|Any CPU
	EndGlobalSection
	GlobalSection(SolutionProperties) = preSolution
		HideSolutionNode = FALSE
	EndGlobalSection
EndGlobal
