
Microsoft Visual Studio Solution File, Format Version 11.00
# Visual Studio 2010
Project("{8BC9CEB8-8B4A-11D0-8D11-00A0C91BC942}") = "Files", "Files\Files.vcxproj", "{FE1D02E6-55F8-4187-9A93-D940C9B8FCD7}"
EndProject
Global
	GlobalSection(SolutionConfigurationPlatforms) = preSolution
		Debug|Win32 = Debug|Win32
		Release|Win32 = Release|Win32
	EndGlobalSection
	GlobalSection(ProjectConfigurationPlatforms) = postSolution
		{FE1D02E6-55F8-4187-9A93-D940C9B8FCD7}.Debug|Win32.ActiveCfg = Debug|Win32
		{FE1D02E6-55F8-4187-9A93-D940C9B8FCD7}.Debug|Win32.Build.0 = Debug|Win32
		{FE1D02E6-55F8-4187-9A93-D940C9B8FCD7}.Release|Win32.ActiveCfg = Release|Win32
		{FE1D02E6-55F8-4187-9A93-D940C9B8FCD7}.Release|Win32.Build.0 = Release|Win32
	EndGlobalSection
	GlobalSection(SolutionProperties) = preSolution
		HideSolutionNode = FALSE
	EndGlobalSection
EndGlobal
